// !$*UTF8*$!
{
	archiveVersion = 1;
	classes = {
	};
	objectVersion = 56;
	objects = {

/* Begin PBXBuildFile section */
		C30DC56029B0975B00F053DB /* ViewControllerPlantDetail.swift in Sources */ = {isa = PBXBuildFile; fileRef = C30DC55F29B0975B00F053DB /* ViewControllerPlantDetail.swift */; };
		C30DC57429B09F2900F053DB /* Poppins-ExtraLight.ttf in Resources */ = {isa = PBXBuildFile; fileRef = C30DC56229B09F2900F053DB /* Poppins-ExtraLight.ttf */; };
		C30DC57529B09F2900F053DB /* Poppins-ThinItalic.ttf in Resources */ = {isa = PBXBuildFile; fileRef = C30DC56329B09F2900F053DB /* Poppins-ThinItalic.ttf */; };
		C30DC57629B09F2900F053DB /* Poppins-ExtraLightItalic.ttf in Resources */ = {isa = PBXBuildFile; fileRef = C30DC56429B09F2900F053DB /* Poppins-ExtraLightItalic.ttf */; };
		C30DC57729B09F2900F053DB /* Poppins-BoldItalic.ttf in Resources */ = {isa = PBXBuildFile; fileRef = C30DC56529B09F2900F053DB /* Poppins-BoldItalic.ttf */; };
		C30DC57829B09F2900F053DB /* Poppins-Light.ttf in Resources */ = {isa = PBXBuildFile; fileRef = C30DC56629B09F2900F053DB /* Poppins-Light.ttf */; };
		C30DC57929B09F2900F053DB /* Poppins-Medium.ttf in Resources */ = {isa = PBXBuildFile; fileRef = C30DC56729B09F2900F053DB /* Poppins-Medium.ttf */; };
		C30DC57A29B09F2900F053DB /* Poppins-SemiBoldItalic.ttf in Resources */ = {isa = PBXBuildFile; fileRef = C30DC56829B09F2900F053DB /* Poppins-SemiBoldItalic.ttf */; };
		C30DC57B29B09F2900F053DB /* Poppins-ExtraBoldItalic.ttf in Resources */ = {isa = PBXBuildFile; fileRef = C30DC56929B09F2900F053DB /* Poppins-ExtraBoldItalic.ttf */; };
		C30DC57C29B09F2900F053DB /* Poppins-ExtraBold.ttf in Resources */ = {isa = PBXBuildFile; fileRef = C30DC56A29B09F2900F053DB /* Poppins-ExtraBold.ttf */; };
		C30DC57D29B09F2900F053DB /* Poppins-BlackItalic.ttf in Resources */ = {isa = PBXBuildFile; fileRef = C30DC56B29B09F2900F053DB /* Poppins-BlackItalic.ttf */; };
		C30DC57E29B09F2900F053DB /* Poppins-Regular.ttf in Resources */ = {isa = PBXBuildFile; fileRef = C30DC56C29B09F2900F053DB /* Poppins-Regular.ttf */; };
		C30DC57F29B09F2900F053DB /* Poppins-LightItalic.ttf in Resources */ = {isa = PBXBuildFile; fileRef = C30DC56D29B09F2900F053DB /* Poppins-LightItalic.ttf */; };
		C30DC58029B09F2900F053DB /* Poppins-Bold.ttf in Resources */ = {isa = PBXBuildFile; fileRef = C30DC56E29B09F2900F053DB /* Poppins-Bold.ttf */; };
		C30DC58129B09F2900F053DB /* Poppins-Black.ttf in Resources */ = {isa = PBXBuildFile; fileRef = C30DC56F29B09F2900F053DB /* Poppins-Black.ttf */; };
		C30DC58229B09F2900F053DB /* Poppins-Thin.ttf in Resources */ = {isa = PBXBuildFile; fileRef = C30DC57029B09F2900F053DB /* Poppins-Thin.ttf */; };
		C30DC58329B09F2900F053DB /* Poppins-SemiBold.ttf in Resources */ = {isa = PBXBuildFile; fileRef = C30DC57129B09F2900F053DB /* Poppins-SemiBold.ttf */; };
		C30DC58429B09F2900F053DB /* Poppins-Italic.ttf in Resources */ = {isa = PBXBuildFile; fileRef = C30DC57229B09F2900F053DB /* Poppins-Italic.ttf */; };
		C30DC58529B09F2900F053DB /* Poppins-MediumItalic.ttf in Resources */ = {isa = PBXBuildFile; fileRef = C30DC57329B09F2900F053DB /* Poppins-MediumItalic.ttf */; };
		C3431D1229B081D100871083 /* ViewControllerAddPlant.swift in Sources */ = {isa = PBXBuildFile; fileRef = C3431D1129B081D100871083 /* ViewControllerAddPlant.swift */; };
		C3431D1429B0853100871083 /* ViewControllerMyPlant.swift in Sources */ = {isa = PBXBuildFile; fileRef = C3431D1329B0853100871083 /* ViewControllerMyPlant.swift */; };
		C35135CF2995A905001F2D88 /* AppDelegate.swift in Sources */ = {isa = PBXBuildFile; fileRef = C35135CE2995A905001F2D88 /* AppDelegate.swift */; };
		C35135D12995A905001F2D88 /* SceneDelegate.swift in Sources */ = {isa = PBXBuildFile; fileRef = C35135D02995A905001F2D88 /* SceneDelegate.swift */; };
		C35135D32995A905001F2D88 /* ViewController.swift in Sources */ = {isa = PBXBuildFile; fileRef = C35135D22995A905001F2D88 /* ViewController.swift */; };
		C35135D62995A905001F2D88 /* Main.storyboard in Resources */ = {isa = PBXBuildFile; fileRef = C35135D42995A905001F2D88 /* Main.storyboard */; };
		C35135D82995A906001F2D88 /* Assets.xcassets in Resources */ = {isa = PBXBuildFile; fileRef = C35135D72995A906001F2D88 /* Assets.xcassets */; };
		C35135DB2995A906001F2D88 /* LaunchScreen.storyboard in Resources */ = {isa = PBXBuildFile; fileRef = C35135D92995A906001F2D88 /* LaunchScreen.storyboard */; };
		C37196AD29C2E04B00F795E5 /* success.mp3 in Resources */ = {isa = PBXBuildFile; fileRef = C37196AC29C2E04B00F795E5 /* success.mp3 */; };
/* End PBXBuildFile section */

/* Begin PBXFileReference section */
		C30DC55F29B0975B00F053DB /* ViewControllerPlantDetail.swift */ = {isa = PBXFileReference; lastKnownFileType = sourcecode.swift; path = ViewControllerPlantDetail.swift; sourceTree = "<group>"; };
		C30DC56229B09F2900F053DB /* Poppins-ExtraLight.ttf */ = {isa = PBXFileReference; lastKnownFileType = file; path = "Poppins-ExtraLight.ttf"; sourceTree = "<group>"; };
		C30DC56329B09F2900F053DB /* Poppins-ThinItalic.ttf */ = {isa = PBXFileReference; lastKnownFileType = file; path = "Poppins-ThinItalic.ttf"; sourceTree = "<group>"; };
		C30DC56429B09F2900F053DB /* Poppins-ExtraLightItalic.ttf */ = {isa = PBXFileReference; lastKnownFileType = file; path = "Poppins-ExtraLightItalic.ttf"; sourceTree = "<group>"; };
		C30DC56529B09F2900F053DB /* Poppins-BoldItalic.ttf */ = {isa = PBXFileReference; lastKnownFileType = file; path = "Poppins-BoldItalic.ttf"; sourceTree = "<group>"; };
		C30DC56629B09F2900F053DB /* Poppins-Light.ttf */ = {isa = PBXFileReference; lastKnownFileType = file; path = "Poppins-Light.ttf"; sourceTree = "<group>"; };
		C30DC56729B09F2900F053DB /* Poppins-Medium.ttf */ = {isa = PBXFileReference; lastKnownFileType = file; path = "Poppins-Medium.ttf"; sourceTree = "<group>"; };
		C30DC56829B09F2900F053DB /* Poppins-SemiBoldItalic.ttf */ = {isa = PBXFileReference; lastKnownFileType = file; path = "Poppins-SemiBoldItalic.ttf"; sourceTree = "<group>"; };
		C30DC56929B09F2900F053DB /* Poppins-ExtraBoldItalic.ttf */ = {isa = PBXFileReference; lastKnownFileType = file; path = "Poppins-ExtraBoldItalic.ttf"; sourceTree = "<group>"; };
		C30DC56A29B09F2900F053DB /* Poppins-ExtraBold.ttf */ = {isa = PBXFileReference; lastKnownFileType = file; path = "Poppins-ExtraBold.ttf"; sourceTree = "<group>"; };
		C30DC56B29B09F2900F053DB /* Poppins-BlackItalic.ttf */ = {isa = PBXFileReference; lastKnownFileType = file; path = "Poppins-BlackItalic.ttf"; sourceTree = "<group>"; };
		C30DC56C29B09F2900F053DB /* Poppins-Regular.ttf */ = {isa = PBXFileReference; lastKnownFileType = file; path = "Poppins-Regular.ttf"; sourceTree = "<group>"; };
		C30DC56D29B09F2900F053DB /* Poppins-LightItalic.ttf */ = {isa = PBXFileReference; lastKnownFileType = file; path = "Poppins-LightItalic.ttf"; sourceTree = "<group>"; };
		C30DC56E29B09F2900F053DB /* Poppins-Bold.ttf */ = {isa = PBXFileReference; lastKnownFileType = file; path = "Poppins-Bold.ttf"; sourceTree = "<group>"; };
		C30DC56F29B09F2900F053DB /* Poppins-Black.ttf */ = {isa = PBXFileReference; lastKnownFileType = file; path = "Poppins-Black.ttf"; sourceTree = "<group>"; };
		C30DC57029B09F2900F053DB /* Poppins-Thin.ttf */ = {isa = PBXFileReference; lastKnownFileType = file; path = "Poppins-Thin.ttf"; sourceTree = "<group>"; };
		C30DC57129B09F2900F053DB /* Poppins-SemiBold.ttf */ = {isa = PBXFileReference; lastKnownFileType = file; path = "Poppins-SemiBold.ttf"; sourceTree = "<group>"; };
		C30DC57229B09F2900F053DB /* Poppins-Italic.ttf */ = {isa = PBXFileReference; lastKnownFileType = file; path = "Poppins-Italic.ttf"; sourceTree = "<group>"; };
		C30DC57329B09F2900F053DB /* Poppins-MediumItalic.ttf */ = {isa = PBXFileReference; lastKnownFileType = file; path = "Poppins-MediumItalic.ttf"; sourceTree = "<group>"; };
		C3431D1129B081D100871083 /* ViewControllerAddPlant.swift */ = {isa = PBXFileReference; lastKnownFileType = sourcecode.swift; path = ViewControllerAddPlant.swift; sourceTree = "<group>"; };
		C3431D1329B0853100871083 /* ViewControllerMyPlant.swift */ = {isa = PBXFileReference; lastKnownFileType = sourcecode.swift; path = ViewControllerMyPlant.swift; sourceTree = "<group>"; };
		C35135CB2995A905001F2D88 /* idm362-cq63v2.app */ = {isa = PBXFileReference; explicitFileType = wrapper.application; includeInIndex = 0; path = "idm362-cq63v2.app"; sourceTree = BUILT_PRODUCTS_DIR; };
		C35135CE2995A905001F2D88 /* AppDelegate.swift */ = {isa = PBXFileReference; lastKnownFileType = sourcecode.swift; path = AppDelegate.swift; sourceTree = "<group>"; };
		C35135D02995A905001F2D88 /* SceneDelegate.swift */ = {isa = PBXFileReference; lastKnownFileType = sourcecode.swift; path = SceneDelegate.swift; sourceTree = "<group>"; };
		C35135D22995A905001F2D88 /* ViewController.swift */ = {isa = PBXFileReference; lastKnownFileType = sourcecode.swift; path = ViewController.swift; sourceTree = "<group>"; };
		C35135D52995A905001F2D88 /* Base */ = {isa = PBXFileReference; lastKnownFileType = file.storyboard; name = Base; path = Base.lproj/Main.storyboard; sourceTree = "<group>"; };
		C35135D72995A906001F2D88 /* Assets.xcassets */ = {isa = PBXFileReference; lastKnownFileType = folder.assetcatalog; path = Assets.xcassets; sourceTree = "<group>"; };
		C35135DA2995A906001F2D88 /* Base */ = {isa = PBXFileReference; lastKnownFileType = file.storyboard; name = Base; path = Base.lproj/LaunchScreen.storyboard; sourceTree = "<group>"; };
		C35135DC2995A906001F2D88 /* Info.plist */ = {isa = PBXFileReference; lastKnownFileType = text.plist.xml; path = Info.plist; sourceTree = "<group>"; };
		C37196AC29C2E04B00F795E5 /* success.mp3 */ = {isa = PBXFileReference; lastKnownFileType = audio.mp3; name = success.mp3; path = "idm362-cq63v2/success.mp3"; sourceTree = SOURCE_ROOT; };
/* End PBXFileReference section */

/* Begin PBXFrameworksBuildPhase section */
		C35135C82995A905001F2D88 /* Frameworks */ = {
			isa = PBXFrameworksBuildPhase;
			buildActionMask = 2147483647;
			files = (
			);
			runOnlyForDeploymentPostprocessing = 0;
		};
/* End PBXFrameworksBuildPhase section */

/* Begin PBXGroup section */
		C30DC56129B09F2900F053DB /* Poppins */ = {
			isa = PBXGroup;
			children = (
				C30DC56229B09F2900F053DB /* Poppins-ExtraLight.ttf */,
				C30DC56329B09F2900F053DB /* Poppins-ThinItalic.ttf */,
				C30DC56429B09F2900F053DB /* Poppins-ExtraLightItalic.ttf */,
				C30DC56529B09F2900F053DB /* Poppins-BoldItalic.ttf */,
				C30DC56629B09F2900F053DB /* Poppins-Light.ttf */,
				C30DC56729B09F2900F053DB /* Poppins-Medium.ttf */,
				C30DC56829B09F2900F053DB /* Poppins-SemiBoldItalic.ttf */,
				C30DC56929B09F2900F053DB /* Poppins-ExtraBoldItalic.ttf */,
				C30DC56A29B09F2900F053DB /* Poppins-ExtraBold.ttf */,
				C30DC56B29B09F2900F053DB /* Poppins-BlackItalic.ttf */,
				C30DC56C29B09F2900F053DB /* Poppins-Regular.ttf */,
				C30DC56D29B09F2900F053DB /* Poppins-LightItalic.ttf */,
				C30DC56E29B09F2900F053DB /* Poppins-Bold.ttf */,
				C30DC56F29B09F2900F053DB /* Poppins-Black.ttf */,
				C30DC57029B09F2900F053DB /* Poppins-Thin.ttf */,
				C30DC57129B09F2900F053DB /* Poppins-SemiBold.ttf */,
				C30DC57229B09F2900F053DB /* Poppins-Italic.ttf */,
				C30DC57329B09F2900F053DB /* Poppins-MediumItalic.ttf */,
			);
			path = Poppins;
			sourceTree = "<group>";
		};
		C35135C22995A905001F2D88 = {
			isa = PBXGroup;
			children = (
				C3431D1329B0853100871083 /* ViewControllerMyPlant.swift */,
				C3431D1129B081D100871083 /* ViewControllerAddPlant.swift */,
				C35135CD2995A905001F2D88 /* idm362-cq63v2 */,
				C35135CC2995A905001F2D88 /* Products */,
			);
			sourceTree = "<group>";
		};
		C35135CC2995A905001F2D88 /* Products */ = {
			isa = PBXGroup;
			children = (
				C35135CB2995A905001F2D88 /* idm362-cq63v2.app */,
			);
			name = Products;
			sourceTree = "<group>";
		};
		C35135CD2995A905001F2D88 /* idm362-cq63v2 */ = {
			isa = PBXGroup;
			children = (
				C35135CE2995A905001F2D88 /* AppDelegate.swift */,
				C35135D02995A905001F2D88 /* SceneDelegate.swift */,
				C35135D22995A905001F2D88 /* ViewController.swift */,
				C35135D42995A905001F2D88 /* Main.storyboard */,
				C30DC55F29B0975B00F053DB /* ViewControllerPlantDetail.swift */,
				C35135D72995A906001F2D88 /* Assets.xcassets */,
				C35135D92995A906001F2D88 /* LaunchScreen.storyboard */,
				C35135DC2995A906001F2D88 /* Info.plist */,
				C37196AC29C2E04B00F795E5 /* success.mp3 */,
				C30DC56129B09F2900F053DB /* Poppins */,
			);
			path = "idm362-cq63v2";
			sourceTree = "<group>";
		};
/* End PBXGroup section */

/* Begin PBXNativeTarget section */
		C35135CA2995A905001F2D88 /* idm362-cq63v2 */ = {
			isa = PBXNativeTarget;
			buildConfigurationList = C35135DF2995A906001F2D88 /* Build configuration list for PBXNativeTarget "idm362-cq63v2" */;
			buildPhases = (
				C35135C72995A905001F2D88 /* Sources */,
				C35135C82995A905001F2D88 /* Frameworks */,
				C35135C92995A905001F2D88 /* Resources */,
			);
			buildRules = (
			);
			dependencies = (
			);
			name = "idm362-cq63v2";
			productName = "idm362-cq63v2";
			productReference = C35135CB2995A905001F2D88 /* idm362-cq63v2.app */;
			productType = "com.apple.product-type.application";
		};
/* End PBXNativeTarget section */

/* Begin PBXProject section */
		C35135C32995A905001F2D88 /* Project object */ = {
			isa = PBXProject;
			attributes = {
				BuildIndependentTargetsInParallel = 1;
				LastSwiftUpdateCheck = 1420;
				LastUpgradeCheck = 1420;
				TargetAttributes = {
					C35135CA2995A905001F2D88 = {
						CreatedOnToolsVersion = 14.2;
					};
				};
			};
			buildConfigurationList = C35135C62995A905001F2D88 /* Build configuration list for PBXProject "idm362-cq63v2" */;
			compatibilityVersion = "Xcode 14.0";
			developmentRegion = en;
			hasScannedForEncodings = 0;
			knownRegions = (
				en,
				Base,
			);
			mainGroup = C35135C22995A905001F2D88;
			productRefGroup = C35135CC2995A905001F2D88 /* Products */;
			projectDirPath = "";
			projectRoot = "";
			targets = (
				C35135CA2995A905001F2D88 /* idm362-cq63v2 */,
			);
		};
/* End PBXProject section */

/* Begin PBXResourcesBuildPhase section */
		C35135C92995A905001F2D88 /* Resources */ = {
			isa = PBXResourcesBuildPhase;
			buildActionMask = 2147483647;
			files = (
				C30DC57629B09F2900F053DB /* Poppins-ExtraLightItalic.ttf in Resources */,
				C30DC58129B09F2900F053DB /* Poppins-Black.ttf in Resources */,
				C30DC57F29B09F2900F053DB /* Poppins-LightItalic.ttf in Resources */,
				C30DC58229B09F2900F053DB /* Poppins-Thin.ttf in Resources */,
				C37196AD29C2E04B00F795E5 /* success.mp3 in Resources */,
				C30DC57D29B09F2900F053DB /* Poppins-BlackItalic.ttf in Resources */,
				C30DC58329B09F2900F053DB /* Poppins-SemiBold.ttf in Resources */,
				C30DC58029B09F2900F053DB /* Poppins-Bold.ttf in Resources */,
				C30DC57429B09F2900F053DB /* Poppins-ExtraLight.ttf in Resources */,
				C30DC57729B09F2900F053DB /* Poppins-BoldItalic.ttf in Resources */,
				C30DC57829B09F2900F053DB /* Poppins-Light.ttf in Resources */,
				C30DC57C29B09F2900F053DB /* Poppins-ExtraBold.ttf in Resources */,
				C35135DB2995A906001F2D88 /* LaunchScreen.storyboard in Resources */,
				C30DC57A29B09F2900F053DB /* Poppins-SemiBoldItalic.ttf in Resources */,
				C30DC57B29B09F2900F053DB /* Poppins-ExtraBoldItalic.ttf in Resources */,
				C30DC57E29B09F2900F053DB /* Poppins-Regular.ttf in Resources */,
				C30DC57529B09F2900F053DB /* Poppins-ThinItalic.ttf in Resources */,
				C30DC57929B09F2900F053DB /* Poppins-Medium.ttf in Resources */,
				C35135D82995A906001F2D88 /* Assets.xcassets in Resources */,
				C30DC58429B09F2900F053DB /* Poppins-Italic.ttf in Resources */,
				C30DC58529B09F2900F053DB /* Poppins-MediumItalic.ttf in Resources */,
				C35135D62995A905001F2D88 /* Main.storyboard in Resources */,
			);
			runOnlyForDeploymentPostprocessing = 0;
		};
/* End PBXResourcesBuildPhase section */

/* Begin PBXSourcesBuildPhase section */
		C35135C72995A905001F2D88 /* Sources */ = {
			isa = PBXSourcesBuildPhase;
			buildActionMask = 2147483647;
			files = (
				C35135D32995A905001F2D88 /* ViewController.swift in Sources */,
				C35135CF2995A905001F2D88 /* AppDelegate.swift in Sources */,
				C3431D1229B081D100871083 /* ViewControllerAddPlant.swift in Sources */,
				C30DC56029B0975B00F053DB /* ViewControllerPlantDetail.swift in Sources */,
				C3431D1429B0853100871083 /* ViewControllerMyPlant.swift in Sources */,
				C35135D12995A905001F2D88 /* SceneDelegate.swift in Sources */,
			);
			runOnlyForDeploymentPostprocessing = 0;
		};
/* End PBXSourcesBuildPhase section */

/* Begin PBXVariantGroup section */
		C35135D42995A905001F2D88 /* Main.storyboard */ = {
			isa = PBXVariantGroup;
			children = (
				C35135D52995A905001F2D88 /* Base */,
			);
			name = Main.storyboard;
			sourceTree = "<group>";
		};
		C35135D92995A906001F2D88 /* LaunchScreen.storyboard */ = {
			isa = PBXVariantGroup;
			children = (
				C35135DA2995A906001F2D88 /* Base */,
			);
			name = LaunchScreen.storyboard;
			sourceTree = "<group>";
		};
/* End PBXVariantGroup section */

/* Begin XCBuildConfiguration section */
		C35135DD2995A906001F2D88 /* Debug */ = {
			isa = XCBuildConfiguration;
			buildSettings = {
				ALWAYS_SEARCH_USER_PATHS = NO;
				CLANG_ANALYZER_NONNULL = YES;
				CLANG_ANALYZER_NUMBER_OBJECT_CONVERSION = YES_AGGRESSIVE;
				CLANG_CXX_LANGUAGE_STANDARD = "gnu++20";
				CLANG_ENABLE_MODULES = YES;
				CLANG_ENABLE_OBJC_ARC = YES;
				CLANG_ENABLE_OBJC_WEAK = YES;
				CLANG_WARN_BLOCK_CAPTURE_AUTORELEASING = YES;
				CLANG_WARN_BOOL_CONVERSION = YES;
				CLANG_WARN_COMMA = YES;
				CLANG_WARN_CONSTANT_CONVERSION = YES;
				CLANG_WARN_DEPRECATED_OBJC_IMPLEMENTATIONS = YES;
				CLANG_WARN_DIRECT_OBJC_ISA_USAGE = YES_ERROR;
				CLANG_WARN_DOCUMENTATION_COMMENTS = YES;
				CLANG_WARN_EMPTY_BODY = YES;
				CLANG_WARN_ENUM_CONVERSION = YES;
				CLANG_WARN_INFINITE_RECURSION = YES;
				CLANG_WARN_INT_CONVERSION = YES;
				CLANG_WARN_NON_LITERAL_NULL_CONVERSION = YES;
				CLANG_WARN_OBJC_IMPLICIT_RETAIN_SELF = YES;
				CLANG_WARN_OBJC_LITERAL_CONVERSION = YES;
				CLANG_WARN_OBJC_ROOT_CLASS = YES_ERROR;
				CLANG_WARN_QUOTED_INCLUDE_IN_FRAMEWORK_HEADER = YES;
				CLANG_WARN_RANGE_LOOP_ANALYSIS = YES;
				CLANG_WARN_STRICT_PROTOTYPES = YES;
				CLANG_WARN_SUSPICIOUS_MOVE = YES;
				CLANG_WARN_UNGUARDED_AVAILABILITY = YES_AGGRESSIVE;
				CLANG_WARN_UNREACHABLE_CODE = YES;
				CLANG_WARN__DUPLICATE_METHOD_MATCH = YES;
				COPY_PHASE_STRIP = NO;
				DEBUG_INFORMATION_FORMAT = dwarf;
				ENABLE_STRICT_OBJC_MSGSEND = YES;
				ENABLE_TESTABILITY = YES;
				GCC_C_LANGUAGE_STANDARD = gnu11;
				GCC_DYNAMIC_NO_PIC = NO;
				GCC_NO_COMMON_BLOCKS = YES;
				GCC_OPTIMIZATION_LEVEL = 0;
				GCC_PREPROCESSOR_DEFINITIONS = (
					"DEBUG=1",
					"$(inherited)",
				);
				GCC_WARN_64_TO_32_BIT_CONVERSION = YES;
				GCC_WARN_ABOUT_RETURN_TYPE = YES_ERROR;
				GCC_WARN_UNDECLARED_SELECTOR = YES;
				GCC_WARN_UNINITIALIZED_AUTOS = YES_AGGRESSIVE;
				GCC_WARN_UNUSED_FUNCTION = YES;
				GCC_WARN_UNUSED_VARIABLE = YES;
				IPHONEOS_DEPLOYMENT_TARGET = 16.2;
				MTL_ENABLE_DEBUG_INFO = INCLUDE_SOURCE;
				MTL_FAST_MATH = YES;
				ONLY_ACTIVE_ARCH = YES;
				SDKROOT = iphoneos;
				SWIFT_ACTIVE_COMPILATION_CONDITIONS = DEBUG;
				SWIFT_OPTIMIZATION_LEVEL = "-Onone";
			};
			name = Debug;
		};
		C35135DE2995A906001F2D88 /* Release */ = {
			isa = XCBuildConfiguration;
			buildSettings = {
				ALWAYS_SEARCH_USER_PATHS = NO;
				CLANG_ANALYZER_NONNULL = YES;
				CLANG_ANALYZER_NUMBER_OBJECT_CONVERSION = YES_AGGRESSIVE;
				CLANG_CXX_LANGUAGE_STANDARD = "gnu++20";
				CLANG_ENABLE_MODULES = YES;
				CLANG_ENABLE_OBJC_ARC = YES;
				CLANG_ENABLE_OBJC_WEAK = YES;
				CLANG_WARN_BLOCK_CAPTURE_AUTORELEASING = YES;
				CLANG_WARN_BOOL_CONVERSION = YES;
				CLANG_WARN_COMMA = YES;
				CLANG_WARN_CONSTANT_CONVERSION = YES;
				CLANG_WARN_DEPRECATED_OBJC_IMPLEMENTATIONS = YES;
				CLANG_WARN_DIRECT_OBJC_ISA_USAGE = YES_ERROR;
				CLANG_WARN_DOCUMENTATION_COMMENTS = YES;
				CLANG_WARN_EMPTY_BODY = YES;
				CLANG_WARN_ENUM_CONVERSION = YES;
				CLANG_WARN_INFINITE_RECURSION = YES;
				CLANG_WARN_INT_CONVERSION = YES;
				CLANG_WARN_NON_LITERAL_NULL_CONVERSION = YES;
				CLANG_WARN_OBJC_IMPLICIT_RETAIN_SELF = YES;
				CLANG_WARN_OBJC_LITERAL_CONVERSION = YES;
				CLANG_WARN_OBJC_ROOT_CLASS = YES_ERROR;
				CLANG_WARN_QUOTED_INCLUDE_IN_FRAMEWORK_HEADER = YES;
				CLANG_WARN_RANGE_LOOP_ANALYSIS = YES;
				CLANG_WARN_STRICT_PROTOTYPES = YES;
				CLANG_WARN_SUSPICIOUS_MOVE = YES;
				CLANG_WARN_UNGUARDED_AVAILABILITY = YES_AGGRESSIVE;
				CLANG_WARN_UNREACHABLE_CODE = YES;
				CLANG_WARN__DUPLICATE_METHOD_MATCH = YES;
				COPY_PHASE_STRIP = NO;
				DEBUG_INFORMATION_FORMAT = "dwarf-with-dsym";
				ENABLE_NS_ASSERTIONS = NO;
				ENABLE_STRICT_OBJC_MSGSEND = YES;
				GCC_C_LANGUAGE_STANDARD = gnu11;
				GCC_NO_COMMON_BLOCKS = YES;
				GCC_WARN_64_TO_32_BIT_CONVERSION = YES;
				GCC_WARN_ABOUT_RETURN_TYPE = YES_ERROR;
				GCC_WARN_UNDECLARED_SELECTOR = YES;
				GCC_WARN_UNINITIALIZED_AUTOS = YES_AGGRESSIVE;
				GCC_WARN_UNUSED_FUNCTION = YES;
				GCC_WARN_UNUSED_VARIABLE = YES;
				IPHONEOS_DEPLOYMENT_TARGET = 16.2;
				MTL_ENABLE_DEBUG_INFO = NO;
				MTL_FAST_MATH = YES;
				SDKROOT = iphoneos;
				SWIFT_COMPILATION_MODE = wholemodule;
				SWIFT_OPTIMIZATION_LEVEL = "-O";
				VALIDATE_PRODUCT = YES;
			};
			name = Release;
		};
		C35135E02995A906001F2D88 /* Debug */ = {
			isa = XCBuildConfiguration;
			buildSettings = {
				ASSETCATALOG_COMPILER_APPICON_NAME = AppIcon;
				ASSETCATALOG_COMPILER_GLOBAL_ACCENT_COLOR_NAME = AccentColor;
				CODE_SIGN_STYLE = Automatic;
				CURRENT_PROJECT_VERSION = 1;
				DEVELOPMENT_TEAM = 3VZHR7Z55D;
				GENERATE_INFOPLIST_FILE = YES;
				INFOPLIST_FILE = "idm362-cq63v2/Info.plist";
				INFOPLIST_KEY_CFBundleDisplayName = "Bloom Buddy";
				INFOPLIST_KEY_UIApplicationSupportsIndirectInputEvents = YES;
				INFOPLIST_KEY_UILaunchStoryboardName = LaunchScreen;
				INFOPLIST_KEY_UIMainStoryboardFile = Main;
				INFOPLIST_KEY_UISupportedInterfaceOrientations = UIInterfaceOrientationPortrait;
				INFOPLIST_KEY_UISupportedInterfaceOrientations_iPad = "UIInterfaceOrientationLandscapeLeft UIInterfaceOrientationLandscapeRight UIInterfaceOrientationPortrait UIInterfaceOrientationPortraitUpsideDown";
				LD_RUNPATH_SEARCH_PATHS = (
					"$(inherited)",
					"@executable_path/Frameworks",
				);
				MARKETING_VERSION = 1.0;
				PRODUCT_BUNDLE_IDENTIFIER = "com.cindyqquach.idm362-cq63v2";
				PRODUCT_NAME = "$(TARGET_NAME)";
				SWIFT_EMIT_LOC_STRINGS = YES;
				SWIFT_VERSION = 5.0;
				TARGETED_DEVICE_FAMILY = "1,2";
			};
			name = Debug;
		};
		C35135E12995A906001F2D88 /* Release */ = {
			isa = XCBuildConfiguration;
			buildSettings = {
				ASSETCATALOG_COMPILER_APPICON_NAME = AppIcon;
				ASSETCATALOG_COMPILER_GLOBAL_ACCENT_COLOR_NAME = AccentColor;
				CODE_SIGN_STYLE = Automatic;
				CURRENT_PROJECT_VERSION = 1;
				DEVELOPMENT_TEAM = 3VZHR7Z55D;
				GENERATE_INFOPLIST_FILE = YES;
				INFOPLIST_FILE = "idm362-cq63v2/Info.plist";
				INFOPLIST_KEY_CFBundleDisplayName = "Bloom Buddy";
				INFOPLIST_KEY_UIApplicationSupportsIndirectInputEvents = YES;
				INFOPLIST_KEY_UILaunchStoryboardName = LaunchScreen;
				INFOPLIST_KEY_UIMainStoryboardFile = Main;
				INFOPLIST_KEY_UISupportedInterfaceOrientations = UIInterfaceOrientationPortrait;
				INFOPLIST_KEY_UISupportedInterfaceOrientations_iPad = "UIInterfaceOrientationLandscapeLeft UIInterfaceOrientationLandscapeRight UIInterfaceOrientationPortrait UIInterfaceOrientationPortraitUpsideDown";
				LD_RUNPATH_SEARCH_PATHS = (
					"$(inherited)",
					"@executable_path/Frameworks",
				);
				MARKETING_VERSION = 1.0;
				PRODUCT_BUNDLE_IDENTIFIER = "com.cindyqquach.idm362-cq63v2";
				PRODUCT_NAME = "$(TARGET_NAME)";
				SWIFT_EMIT_LOC_STRINGS = YES;
				SWIFT_VERSION = 5.0;
				TARGETED_DEVICE_FAMILY = "1,2";
			};
			name = Release;
		};
/* End XCBuildConfiguration section */

/* Begin XCConfigurationList section */
		C35135C62995A905001F2D88 /* Build configuration list for PBXProject "idm362-cq63v2" */ = {
			isa = XCConfigurationList;
			buildConfigurations = (
				C35135DD2995A906001F2D88 /* Debug */,
				C35135DE2995A906001F2D88 /* Release */,
			);
			defaultConfigurationIsVisible = 0;
			defaultConfigurationName = Release;
		};
		C35135DF2995A906001F2D88 /* Build configuration list for PBXNativeTarget "idm362-cq63v2" */ = {
			isa = XCConfigurationList;
			buildConfigurations = (
				C35135E02995A906001F2D88 /* Debug */,
				C35135E12995A906001F2D88 /* Release */,
			);
			defaultConfigurationIsVisible = 0;
			defaultConfigurationName = Release;
		};
/* End XCConfigurationList section */
	};
	rootObject = C35135C32995A905001F2D88 /* Project object */;
}
